
Microsoft Visual Studio Solution File, Format Version 12.00
# Visual Studio Version 16
VisualStudioVersion = 16.0.31229.75
MinimumVisualStudioVersion = 10.0.40219.1
Project("{FAE04EC0-301F-11D3-BF4B-00C04F79EFBC}") = "EJERCICIO.4", "EJERCICIO.4\EJERCICIO.4.csproj", "{993AD9FC-14B3-4812-B0D6-67DC00AD50E4}"
EndProject
Global
	GlobalSection(SolutionConfigurationPlatforms) = preSolution
		Debug|Any CPU = Debug|Any CPU
		Release|Any CPU = Release|Any CPU
	EndGlobalSection
	GlobalSection(ProjectConfigurationPlatforms) = postSolution
		{993AD9FC-14B3-4812-B0D6-67DC00AD50E4}.Debug|Any CPU.ActiveCfg = Debug|Any CPU
		{993AD9FC-14B3-4812-B0D6-67DC00AD50E4}.Debug|Any CPU.Build.0 = Debug|Any CPU
		{993AD9FC-14B3-4812-B0D6-67DC00AD50E4}.Release|Any CPU.ActiveCfg = Release|Any CPU
		{993AD9FC-14B3-4812-B0D6-67DC00AD50E4}.Release|Any CPU.Build.0 = Release|Any CPU
	EndGlobalSection
	GlobalSection(SolutionProperties) = preSolution
		HideSolutionNode = FALSE
	EndGlobalSection
	GlobalSection(ExtensibilityGlobals) = postSolution
		SolutionGuid = {DC8D7676-7FFC-4094-BD48-65A3EE9CC14F}
	EndGlobalSection
EndGlobal
